
Microsoft Visual Studio Solution File, Format Version 12.00
# Visual Studio Version 17
VisualStudioVersion = 17.5.33424.131
MinimumVisualStudioVersion = 10.0.40219.1
Project("{9A19103F-16F7-4668-BE54-9A1E7A4F7556}") = "ScriptService.API", "ScriptService.API\ScriptService.API.csproj", "{64D13420-078D-428D-AADC-561C55E00F16}"
EndProject
Project("{9A19103F-16F7-4668-BE54-9A1E7A4F7556}") = "ScriptService.Models", "ScriptService.Models\ScriptService.Models.csproj", "{DFC0756E-0E53-4222-A4A1-2DCA8472FEBD}"
EndProject
Project("{9A19103F-16F7-4668-BE54-9A1E7A4F7556}") = "ScriptService.DataManagement", "ScriptService.DataManagement\ScriptService.DataManagement.csproj", "{96F4D810-8049-49B7-ACB7-BAEB1E316146}"
EndProject
Project("{E53339B2-1760-4266-BCC7-CA923CBCF16C}") = "docker-compose", "docker-compose.dcproj", "{9A6E3F28-5EA8-47E5-AA11-4292C0B6566D}"
EndProject
Project("{9A19103F-16F7-4668-BE54-9A1E7A4F7556}") = "ScriptService.App", "ScriptService.App\ScriptService.App.csproj", "{39C17D63-62D7-4C19-8C55-33AEBDE4B41F}"
EndProject
Project("{9A19103F-16F7-4668-BE54-9A1E7A4F7556}") = "ScriptService.ComponentLibrary", "ScriptService.ComponentLibrary\ScriptService.ComponentLibrary.csproj", "{7D2D8879-8DDA-4BB9-90D9-13BE44576136}"
EndProject
Project("{9A19103F-16F7-4668-BE54-9A1E7A4F7556}") = "ScriptService.API.Tests", "ScriptService.API.Tests\ScriptService.API.Tests.csproj", "{C67E04EB-92BA-40C6-A22D-65C363B4BDF2}"
EndProject
Project("{2150E333-8FDC-42A3-9474-1A3956D46DE8}") = "Элементы решения", "Элементы решения", "{AAF26C07-6E4C-460C-AFEB-CBAD16128651}"
	ProjectSection(SolutionItems) = preProject
		README.md = README.md
	EndProjectSection
EndProject
Global
	GlobalSection(SolutionConfigurationPlatforms) = preSolution
		Debug|Any CPU = Debug|Any CPU
		Release|Any CPU = Release|Any CPU
	EndGlobalSection
	GlobalSection(ProjectConfigurationPlatforms) = postSolution
		{64D13420-078D-428D-AADC-561C55E00F16}.Debug|Any CPU.ActiveCfg = Debug|Any CPU
		{64D13420-078D-428D-AADC-561C55E00F16}.Debug|Any CPU.Build.0 = Debug|Any CPU
		{64D13420-078D-428D-AADC-561C55E00F16}.Release|Any CPU.ActiveCfg = Release|Any CPU
		{64D13420-078D-428D-AADC-561C55E00F16}.Release|Any CPU.Build.0 = Release|Any CPU
		{DFC0756E-0E53-4222-A4A1-2DCA8472FEBD}.Debug|Any CPU.ActiveCfg = Debug|Any CPU
		{DFC0756E-0E53-4222-A4A1-2DCA8472FEBD}.Debug|Any CPU.Build.0 = Debug|Any CPU
		{DFC0756E-0E53-4222-A4A1-2DCA8472FEBD}.Release|Any CPU.ActiveCfg = Release|Any CPU
		{DFC0756E-0E53-4222-A4A1-2DCA8472FEBD}.Release|Any CPU.Build.0 = Release|Any CPU
		{96F4D810-8049-49B7-ACB7-BAEB1E316146}.Debug|Any CPU.ActiveCfg = Debug|Any CPU
		{96F4D810-8049-49B7-ACB7-BAEB1E316146}.Debug|Any CPU.Build.0 = Debug|Any CPU
		{96F4D810-8049-49B7-ACB7-BAEB1E316146}.Release|Any CPU.ActiveCfg = Release|Any CPU
		{96F4D810-8049-49B7-ACB7-BAEB1E316146}.Release|Any CPU.Build.0 = Release|Any CPU
		{9A6E3F28-5EA8-47E5-AA11-4292C0B6566D}.Debug|Any CPU.ActiveCfg = Debug|Any CPU
		{9A6E3F28-5EA8-47E5-AA11-4292C0B6566D}.Debug|Any CPU.Build.0 = Debug|Any CPU
		{9A6E3F28-5EA8-47E5-AA11-4292C0B6566D}.Release|Any CPU.ActiveCfg = Release|Any CPU
		{9A6E3F28-5EA8-47E5-AA11-4292C0B6566D}.Release|Any CPU.Build.0 = Release|Any CPU
		{39C17D63-62D7-4C19-8C55-33AEBDE4B41F}.Debug|Any CPU.ActiveCfg = Debug|Any CPU
		{39C17D63-62D7-4C19-8C55-33AEBDE4B41F}.Debug|Any CPU.Build.0 = Debug|Any CPU
		{39C17D63-62D7-4C19-8C55-33AEBDE4B41F}.Release|Any CPU.ActiveCfg = Release|Any CPU
		{39C17D63-62D7-4C19-8C55-33AEBDE4B41F}.Release|Any CPU.Build.0 = Release|Any CPU
		{7D2D8879-8DDA-4BB9-90D9-13BE44576136}.Debug|Any CPU.ActiveCfg = Debug|Any CPU
		{7D2D8879-8DDA-4BB9-90D9-13BE44576136}.Debug|Any CPU.Build.0 = Debug|Any CPU
		{7D2D8879-8DDA-4BB9-90D9-13BE44576136}.Release|Any CPU.ActiveCfg = Release|Any CPU
		{7D2D8879-8DDA-4BB9-90D9-13BE44576136}.Release|Any CPU.Build.0 = Release|Any CPU
		{C67E04EB-92BA-40C6-A22D-65C363B4BDF2}.Debug|Any CPU.ActiveCfg = Debug|Any CPU
		{C67E04EB-92BA-40C6-A22D-65C363B4BDF2}.Debug|Any CPU.Build.0 = Debug|Any CPU
		{C67E04EB-92BA-40C6-A22D-65C363B4BDF2}.Release|Any CPU.ActiveCfg = Release|Any CPU
		{C67E04EB-92BA-40C6-A22D-65C363B4BDF2}.Release|Any CPU.Build.0 = Release|Any CPU
	EndGlobalSection
	GlobalSection(SolutionProperties) = preSolution
		HideSolutionNode = FALSE
	EndGlobalSection
	GlobalSection(ExtensibilityGlobals) = postSolution
		SolutionGuid = {42FC6988-7F0A-43DB-BFE4-B2300A237EA2}
	EndGlobalSection
EndGlobal
